
Microsoft Visual Studio Solution File, Format Version 12.00
# Visual Studio Version 16
VisualStudioVersion = 16.0.29728.190
MinimumVisualStudioVersion = 10.0.40219.1
Project("{FAE04EC0-301F-11D3-BF4B-00C04F79EFBC}") = "VsTestApp", "VsTestApp.csproj", "{BDBAA43A-F721-4794-A7E9-A851631202C3}"
EndProject
Global
	GlobalSection(SolutionConfigurationPlatforms) = preSolution
		Debug|Any CPU = Debug|Any CPU
		Release|Any CPU = Release|Any CPU
	EndGlobalSection
	GlobalSection(ProjectConfigurationPlatforms) = postSolution
		{BDBAA43A-F721-4794-A7E9-A851631202C3}.Debug|Any CPU.ActiveCfg = Debug|Any CPU
		{BDBAA43A-F721-4794-A7E9-A851631202C3}.Debug|Any CPU.Build.0 = Debug|Any CPU
		{BDBAA43A-F721-4794-A7E9-A851631202C3}.Release|Any CPU.ActiveCfg = Release|Any CPU
		{BDBAA43A-F721-4794-A7E9-A851631202C3}.Release|Any CPU.Build.0 = Release|Any CPU
	EndGlobalSection
	GlobalSection(SolutionProperties) = preSolution
		HideSolutionNode = FALSE
	EndGlobalSection
	GlobalSection(ExtensibilityGlobals) = postSolution
		SolutionGuid = {5E1329AE-1AB7-471A-BBE4-D291A92B6BE8}
	EndGlobalSection
EndGlobal
